
Microsoft Visual Studio Solution File, Format Version 12.00
# Visual Studio Version 16
VisualStudioVersion = 16.0.30621.155
MinimumVisualStudioVersion = 10.0.40219.1
Project("{8BC9CEB8-8B4A-11D0-8D11-00A0C91BC942}") = "chapter10", "chapter10.vcxproj", "{50298B16-C381-4AE3-8320-9D5225D05A09}"
EndProject
Global
	GlobalSection(SolutionConfigurationPlatforms) = preSolution
		Debug|x64 = Debug|x64
		Debug|x86 = Debug|x86
		Release|x64 = Release|x64
		Release|x86 = Release|x86
	EndGlobalSection
	GlobalSection(ProjectConfigurationPlatforms) = postSolution
		{50298B16-C381-4AE3-8320-9D5225D05A09}.Debug|x64.ActiveCfg = Debug|x64
		{50298B16-C381-4AE3-8320-9D5225D05A09}.Debug|x64.Build.0 = Debug|x64
		{50298B16-C381-4AE3-8320-9D5225D05A09}.Debug|x86.ActiveCfg = Debug|Win32
		{50298B16-C381-4AE3-8320-9D5225D05A09}.Debug|x86.Build.0 = Debug|Win32
		{50298B16-C381-4AE3-8320-9D5225D05A09}.Release|x64.ActiveCfg = Release|x64
		{50298B16-C381-4AE3-8320-9D5225D05A09}.Release|x64.Build.0 = Release|x64
		{50298B16-C381-4AE3-8320-9D5225D05A09}.Release|x86.ActiveCfg = Release|Win32
		{50298B16-C381-4AE3-8320-9D5225D05A09}.Release|x86.Build.0 = Release|Win32
	EndGlobalSection
	GlobalSection(SolutionProperties) = preSolution
		HideSolutionNode = FALSE
	EndGlobalSection
	GlobalSection(ExtensibilityGlobals) = postSolution
		SolutionGuid = {EF06DF70-CBA5-4B86-97DB-C8C6D6CBA94C}
	EndGlobalSection
EndGlobal
